
Microsoft Visual Studio Solution File, Format Version 12.00
# Visual Studio Version 17
VisualStudioVersion = 17.0.32014.148
MinimumVisualStudioVersion = 10.0.40219.1
Project("{9A19103F-16F7-4668-BE54-9A1E7A4F7556}") = "Shared", "Shared\Shared.csproj", "{520DDD15-A9B7-421D-832F-9980B40EA0B7}"
EndProject
Project("{9A19103F-16F7-4668-BE54-9A1E7A4F7556}") = "OrderManagement", "OrderManagement\OrderManagement.csproj", "{301FEF38-5141-4FCC-B1BA-EE85408E129D}"
EndProject
Project("{9A19103F-16F7-4668-BE54-9A1E7A4F7556}") = "Warehaous", "Warehaous\Warehaous.csproj", "{0E47F8CE-A6A5-4EC4-A572-D8350A3D14EE}"
EndProject
Project("{9A19103F-16F7-4668-BE54-9A1E7A4F7556}") = "CusomerManagement", "CusomerManagement\CusomerManagement.csproj", "{A48C14C4-55E4-4252-845C-64369BFBB890}"
EndProject
Project("{2150E333-8FDC-42A3-9474-1A3956D46DE8}") = "_Framework_", "_Framework_", "{6347E94F-C1A1-4259-81BE-E1366897FFB5}"
EndProject
Project("{9A19103F-16F7-4668-BE54-9A1E7A4F7556}") = "Framework.Domain", "Framework.Domain\Framework.Domain.csproj", "{87DA8A8C-A629-4DE2-AE53-4F1C1D1FAA40}"
EndProject
Project("{9A19103F-16F7-4668-BE54-9A1E7A4F7556}") = "Framework.Config", "Framework.Config\Framework.Config.csproj", "{5693E102-634A-4B3B-9DAE-D30ACDA28AC0}"
EndProject
Project("{9A19103F-16F7-4668-BE54-9A1E7A4F7556}") = "Framework.Application", "Framework.Application\Framework.Application.csproj", "{E65F1E65-B6E5-4879-8C85-9BB85AF69A56}"
EndProject
Project("{9A19103F-16F7-4668-BE54-9A1E7A4F7556}") = "Framework.Core", "Framework.Core\Framework.Core.csproj", "{33F2DA2E-3A47-494C-A2CB-8FB26CCBC416}"
EndProject
Project("{2150E333-8FDC-42A3-9474-1A3956D46DE8}") = "Order", "Order", "{664FD559-6CCF-4C8F-B41F-C5C4FC2A3E85}"
EndProject
Project("{9A19103F-16F7-4668-BE54-9A1E7A4F7556}") = "OrderManagement.Outbox", "OrderManagement.Outbox\OrderManagement.Outbox.csproj", "{F0AADEE8-E74C-49FE-9C87-08B948D9ABDB}"
EndProject
Project("{2150E333-8FDC-42A3-9474-1A3956D46DE8}") = "Admin", "Admin", "{2AAA2EC1-C55E-4A43-A5B6-DA4D66397CE3}"
EndProject
Project("{9A19103F-16F7-4668-BE54-9A1E7A4F7556}") = "AdminPanel", "AdminPanel\AdminPanel.csproj", "{73EE1239-95F0-4BFE-A9CB-892DD4E7B045}"
EndProject
Project("{2150E333-8FDC-42A3-9474-1A3956D46DE8}") = "Gateway", "Gateway", "{BDEEDE77-D941-4242-B892-57926D96B789}"
EndProject
Project("{2150E333-8FDC-42A3-9474-1A3956D46DE8}") = "CustomerMgmt", "CustomerMgmt", "{ED201AB5-0367-4728-A1BC-211DB0FB0E5D}"
EndProject
Project("{9A19103F-16F7-4668-BE54-9A1E7A4F7556}") = "APIGateway", "APIGateway\APIGateway.csproj", "{2F78568F-3293-4CAC-9BC2-08634D0C36CA}"
EndProject
Project("{2150E333-8FDC-42A3-9474-1A3956D46DE8}") = "STS", "STS", "{178EF834-129F-4867-A935-BD0A49B8EA13}"
EndProject
Project("{9A19103F-16F7-4668-BE54-9A1E7A4F7556}") = "STS", "STS\STS.csproj", "{82C181F7-2B54-4EB3-9E2B-C0AA485BE8A3}"
EndProject
Project("{9A19103F-16F7-4668-BE54-9A1E7A4F7556}") = "G2", "G2\G2.csproj", "{12AFA011-01B0-4E40-8643-1FF9B2280F65}"
EndProject
Global
	GlobalSection(SolutionConfigurationPlatforms) = preSolution
		Debug|Any CPU = Debug|Any CPU
		Release|Any CPU = Release|Any CPU
	EndGlobalSection
	GlobalSection(ProjectConfigurationPlatforms) = postSolution
		{520DDD15-A9B7-421D-832F-9980B40EA0B7}.Debug|Any CPU.ActiveCfg = Debug|Any CPU
		{520DDD15-A9B7-421D-832F-9980B40EA0B7}.Debug|Any CPU.Build.0 = Debug|Any CPU
		{520DDD15-A9B7-421D-832F-9980B40EA0B7}.Release|Any CPU.ActiveCfg = Release|Any CPU
		{520DDD15-A9B7-421D-832F-9980B40EA0B7}.Release|Any CPU.Build.0 = Release|Any CPU
		{301FEF38-5141-4FCC-B1BA-EE85408E129D}.Debug|Any CPU.ActiveCfg = Debug|Any CPU
		{301FEF38-5141-4FCC-B1BA-EE85408E129D}.Debug|Any CPU.Build.0 = Debug|Any CPU
		{301FEF38-5141-4FCC-B1BA-EE85408E129D}.Release|Any CPU.ActiveCfg = Release|Any CPU
		{301FEF38-5141-4FCC-B1BA-EE85408E129D}.Release|Any CPU.Build.0 = Release|Any CPU
		{0E47F8CE-A6A5-4EC4-A572-D8350A3D14EE}.Debug|Any CPU.ActiveCfg = Debug|Any CPU
		{0E47F8CE-A6A5-4EC4-A572-D8350A3D14EE}.Debug|Any CPU.Build.0 = Debug|Any CPU
		{0E47F8CE-A6A5-4EC4-A572-D8350A3D14EE}.Release|Any CPU.ActiveCfg = Release|Any CPU
		{0E47F8CE-A6A5-4EC4-A572-D8350A3D14EE}.Release|Any CPU.Build.0 = Release|Any CPU
		{A48C14C4-55E4-4252-845C-64369BFBB890}.Debug|Any CPU.ActiveCfg = Debug|Any CPU
		{A48C14C4-55E4-4252-845C-64369BFBB890}.Debug|Any CPU.Build.0 = Debug|Any CPU
		{A48C14C4-55E4-4252-845C-64369BFBB890}.Release|Any CPU.ActiveCfg = Release|Any CPU
		{A48C14C4-55E4-4252-845C-64369BFBB890}.Release|Any CPU.Build.0 = Release|Any CPU
		{87DA8A8C-A629-4DE2-AE53-4F1C1D1FAA40}.Debug|Any CPU.ActiveCfg = Debug|Any CPU
		{87DA8A8C-A629-4DE2-AE53-4F1C1D1FAA40}.Debug|Any CPU.Build.0 = Debug|Any CPU
		{87DA8A8C-A629-4DE2-AE53-4F1C1D1FAA40}.Release|Any CPU.ActiveCfg = Release|Any CPU
		{87DA8A8C-A629-4DE2-AE53-4F1C1D1FAA40}.Release|Any CPU.Build.0 = Release|Any CPU
		{5693E102-634A-4B3B-9DAE-D30ACDA28AC0}.Debug|Any CPU.ActiveCfg = Debug|Any CPU
		{5693E102-634A-4B3B-9DAE-D30ACDA28AC0}.Debug|Any CPU.Build.0 = Debug|Any CPU
		{5693E102-634A-4B3B-9DAE-D30ACDA28AC0}.Release|Any CPU.ActiveCfg = Release|Any CPU
		{5693E102-634A-4B3B-9DAE-D30ACDA28AC0}.Release|Any CPU.Build.0 = Release|Any CPU
		{E65F1E65-B6E5-4879-8C85-9BB85AF69A56}.Debug|Any CPU.ActiveCfg = Debug|Any CPU
		{E65F1E65-B6E5-4879-8C85-9BB85AF69A56}.Debug|Any CPU.Build.0 = Debug|Any CPU
		{E65F1E65-B6E5-4879-8C85-9BB85AF69A56}.Release|Any CPU.ActiveCfg = Release|Any CPU
		{E65F1E65-B6E5-4879-8C85-9BB85AF69A56}.Release|Any CPU.Build.0 = Release|Any CPU
		{33F2DA2E-3A47-494C-A2CB-8FB26CCBC416}.Debug|Any CPU.ActiveCfg = Debug|Any CPU
		{33F2DA2E-3A47-494C-A2CB-8FB26CCBC416}.Debug|Any CPU.Build.0 = Debug|Any CPU
		{33F2DA2E-3A47-494C-A2CB-8FB26CCBC416}.Release|Any CPU.ActiveCfg = Release|Any CPU
		{33F2DA2E-3A47-494C-A2CB-8FB26CCBC416}.Release|Any CPU.Build.0 = Release|Any CPU
		{F0AADEE8-E74C-49FE-9C87-08B948D9ABDB}.Debug|Any CPU.ActiveCfg = Debug|Any CPU
		{F0AADEE8-E74C-49FE-9C87-08B948D9ABDB}.Debug|Any CPU.Build.0 = Debug|Any CPU
		{F0AADEE8-E74C-49FE-9C87-08B948D9ABDB}.Release|Any CPU.ActiveCfg = Release|Any CPU
		{F0AADEE8-E74C-49FE-9C87-08B948D9ABDB}.Release|Any CPU.Build.0 = Release|Any CPU
		{73EE1239-95F0-4BFE-A9CB-892DD4E7B045}.Debug|Any CPU.ActiveCfg = Debug|Any CPU
		{73EE1239-95F0-4BFE-A9CB-892DD4E7B045}.Debug|Any CPU.Build.0 = Debug|Any CPU
		{73EE1239-95F0-4BFE-A9CB-892DD4E7B045}.Release|Any CPU.ActiveCfg = Release|Any CPU
		{73EE1239-95F0-4BFE-A9CB-892DD4E7B045}.Release|Any CPU.Build.0 = Release|Any CPU
		{2F78568F-3293-4CAC-9BC2-08634D0C36CA}.Debug|Any CPU.ActiveCfg = Debug|Any CPU
		{2F78568F-3293-4CAC-9BC2-08634D0C36CA}.Debug|Any CPU.Build.0 = Debug|Any CPU
		{2F78568F-3293-4CAC-9BC2-08634D0C36CA}.Release|Any CPU.ActiveCfg = Release|Any CPU
		{2F78568F-3293-4CAC-9BC2-08634D0C36CA}.Release|Any CPU.Build.0 = Release|Any CPU
		{82C181F7-2B54-4EB3-9E2B-C0AA485BE8A3}.Debug|Any CPU.ActiveCfg = Debug|Any CPU
		{82C181F7-2B54-4EB3-9E2B-C0AA485BE8A3}.Debug|Any CPU.Build.0 = Debug|Any CPU
		{82C181F7-2B54-4EB3-9E2B-C0AA485BE8A3}.Release|Any CPU.ActiveCfg = Release|Any CPU
		{82C181F7-2B54-4EB3-9E2B-C0AA485BE8A3}.Release|Any CPU.Build.0 = Release|Any CPU
		{12AFA011-01B0-4E40-8643-1FF9B2280F65}.Debug|Any CPU.ActiveCfg = Debug|Any CPU
		{12AFA011-01B0-4E40-8643-1FF9B2280F65}.Debug|Any CPU.Build.0 = Debug|Any CPU
		{12AFA011-01B0-4E40-8643-1FF9B2280F65}.Release|Any CPU.ActiveCfg = Release|Any CPU
		{12AFA011-01B0-4E40-8643-1FF9B2280F65}.Release|Any CPU.Build.0 = Release|Any CPU
	EndGlobalSection
	GlobalSection(SolutionProperties) = preSolution
		HideSolutionNode = FALSE
	EndGlobalSection
	GlobalSection(NestedProjects) = preSolution
		{301FEF38-5141-4FCC-B1BA-EE85408E129D} = {664FD559-6CCF-4C8F-B41F-C5C4FC2A3E85}
		{A48C14C4-55E4-4252-845C-64369BFBB890} = {ED201AB5-0367-4728-A1BC-211DB0FB0E5D}
		{87DA8A8C-A629-4DE2-AE53-4F1C1D1FAA40} = {6347E94F-C1A1-4259-81BE-E1366897FFB5}
		{5693E102-634A-4B3B-9DAE-D30ACDA28AC0} = {6347E94F-C1A1-4259-81BE-E1366897FFB5}
		{E65F1E65-B6E5-4879-8C85-9BB85AF69A56} = {6347E94F-C1A1-4259-81BE-E1366897FFB5}
		{33F2DA2E-3A47-494C-A2CB-8FB26CCBC416} = {6347E94F-C1A1-4259-81BE-E1366897FFB5}
		{F0AADEE8-E74C-49FE-9C87-08B948D9ABDB} = {664FD559-6CCF-4C8F-B41F-C5C4FC2A3E85}
		{73EE1239-95F0-4BFE-A9CB-892DD4E7B045} = {2AAA2EC1-C55E-4A43-A5B6-DA4D66397CE3}
		{2F78568F-3293-4CAC-9BC2-08634D0C36CA} = {BDEEDE77-D941-4242-B892-57926D96B789}
		{82C181F7-2B54-4EB3-9E2B-C0AA485BE8A3} = {178EF834-129F-4867-A935-BD0A49B8EA13}
		{12AFA011-01B0-4E40-8643-1FF9B2280F65} = {BDEEDE77-D941-4242-B892-57926D96B789}
	EndGlobalSection
	GlobalSection(ExtensibilityGlobals) = postSolution
		SolutionGuid = {1BA0667A-D02C-41AB-AF13-198A6610F3AC}
	EndGlobalSection
EndGlobal
